
Microsoft Visual Studio Solution File, Format Version 12.00
# Visual Studio 15
VisualStudioVersion = 15.0.28010.2036
MinimumVisualStudioVersion = 10.0.40219.1
Project("{9A19103F-16F7-4668-BE54-9A1E7A4F7556}") = "MembershipWebApp", "MembershipWebApp\MembershipWebApp.csproj", "{2BC1C141-FC8A-402D-9410-5F7D0E37ED6B}"
EndProject
Project("{9A19103F-16F7-4668-BE54-9A1E7A4F7556}") = "MembershipUnitTest", "MembershipUnitTest\MembershipUnitTest.csproj", "{AC7B5EFE-424B-4F12-9EEA-B2EECE3087DA}"
EndProject
Project("{E53339B2-1760-4266-BCC7-CA923CBCF16C}") = "docker-compose", "docker-compose.dcproj", "{65C8967A-AEF1-4AB1-B891-8B7F0EFA8803}"
EndProject
Global
	GlobalSection(SolutionConfigurationPlatforms) = preSolution
		Debug|Any CPU = Debug|Any CPU
		Release|Any CPU = Release|Any CPU
	EndGlobalSection
	GlobalSection(ProjectConfigurationPlatforms) = postSolution
		{2BC1C141-FC8A-402D-9410-5F7D0E37ED6B}.Debug|Any CPU.ActiveCfg = Debug|Any CPU
		{2BC1C141-FC8A-402D-9410-5F7D0E37ED6B}.Debug|Any CPU.Build.0 = Debug|Any CPU
		{2BC1C141-FC8A-402D-9410-5F7D0E37ED6B}.Release|Any CPU.ActiveCfg = Release|Any CPU
		{2BC1C141-FC8A-402D-9410-5F7D0E37ED6B}.Release|Any CPU.Build.0 = Release|Any CPU
		{AC7B5EFE-424B-4F12-9EEA-B2EECE3087DA}.Debug|Any CPU.ActiveCfg = Debug|Any CPU
		{AC7B5EFE-424B-4F12-9EEA-B2EECE3087DA}.Debug|Any CPU.Build.0 = Debug|Any CPU
		{AC7B5EFE-424B-4F12-9EEA-B2EECE3087DA}.Release|Any CPU.ActiveCfg = Release|Any CPU
		{AC7B5EFE-424B-4F12-9EEA-B2EECE3087DA}.Release|Any CPU.Build.0 = Release|Any CPU
		{65C8967A-AEF1-4AB1-B891-8B7F0EFA8803}.Debug|Any CPU.ActiveCfg = Debug|Any CPU
		{65C8967A-AEF1-4AB1-B891-8B7F0EFA8803}.Debug|Any CPU.Build.0 = Debug|Any CPU
		{65C8967A-AEF1-4AB1-B891-8B7F0EFA8803}.Release|Any CPU.ActiveCfg = Release|Any CPU
		{65C8967A-AEF1-4AB1-B891-8B7F0EFA8803}.Release|Any CPU.Build.0 = Release|Any CPU
	EndGlobalSection
	GlobalSection(SolutionProperties) = preSolution
		HideSolutionNode = FALSE
	EndGlobalSection
	GlobalSection(ExtensibilityGlobals) = postSolution
		SolutionGuid = {8CE0CB1D-A145-4EA3-AF9B-80DFE2384113}
	EndGlobalSection
EndGlobal
